
Microsoft Visual Studio Solution File, Format Version 11.00
# Visual Studio 2010
Project("{FAE04EC0-301F-11D3-BF4B-00C04F79EFBC}") = "SIMREG", "SIMREG\SIMREG.csproj", "{1857C2F7-0BF8-4486-9A57-40263110BD05}"
EndProject
Global
	GlobalSection(SolutionConfigurationPlatforms) = preSolution
		Debug|Any CPU = Debug|Any CPU
		Release|Any CPU = Release|Any CPU
	EndGlobalSection
	GlobalSection(ProjectConfigurationPlatforms) = postSolution
		{1857C2F7-0BF8-4486-9A57-40263110BD05}.Debug|Any CPU.ActiveCfg = Debug|Any CPU
		{1857C2F7-0BF8-4486-9A57-40263110BD05}.Debug|Any CPU.Build.0 = Debug|Any CPU
		{1857C2F7-0BF8-4486-9A57-40263110BD05}.Release|Any CPU.ActiveCfg = Release|Any CPU
		{1857C2F7-0BF8-4486-9A57-40263110BD05}.Release|Any CPU.Build.0 = Release|Any CPU
	EndGlobalSection
	GlobalSection(SolutionProperties) = preSolution
		HideSolutionNode = FALSE
	EndGlobalSection
EndGlobal
